
Microsoft Visual Studio Solution File, Format Version 12.00
# Visual Studio Version 17
VisualStudioVersion = 17.7.34031.279
MinimumVisualStudioVersion = 10.0.40219.1
Project("{FAE04EC0-301F-11D3-BF4B-00C04F79EFBC}") = "Authentication", "Authentication.csproj", "{E7E8CB8A-0C7E-4118-9095-D815363208DB}"
EndProject
Global
	GlobalSection(SolutionConfigurationPlatforms) = preSolution
		Debug|Any CPU = Debug|Any CPU
		Release|Any CPU = Release|Any CPU
	EndGlobalSection
	GlobalSection(ProjectConfigurationPlatforms) = postSolution
		{E7E8CB8A-0C7E-4118-9095-D815363208DB}.Debug|Any CPU.ActiveCfg = Debug|Any CPU
		{E7E8CB8A-0C7E-4118-9095-D815363208DB}.Debug|Any CPU.Build.0 = Debug|Any CPU
		{E7E8CB8A-0C7E-4118-9095-D815363208DB}.Release|Any CPU.ActiveCfg = Release|Any CPU
		{E7E8CB8A-0C7E-4118-9095-D815363208DB}.Release|Any CPU.Build.0 = Release|Any CPU
	EndGlobalSection
	GlobalSection(SolutionProperties) = preSolution
		HideSolutionNode = FALSE
	EndGlobalSection
	GlobalSection(ExtensibilityGlobals) = postSolution
		SolutionGuid = {009D27B9-8D26-4A06-8C74-5FE132BA756A}
	EndGlobalSection
EndGlobal
